
Microsoft Visual Studio Solution File, Format Version 12.00
# Visual Studio Version 17
VisualStudioVersion = 17.10.35122.118
MinimumVisualStudioVersion = 10.0.40219.1
Project("{9A19103F-16F7-4668-BE54-9A1E7A4F7556}") = "Layer.Domain", "Layer.Domain\Layer.Domain.csproj", "{4630B13F-8A13-4FBC-B013-4550405173B1}"
EndProject
Project("{9A19103F-16F7-4668-BE54-9A1E7A4F7556}") = "Layer.Infrastructure", "Layer.Infrastructure\Layer.Infrastructure.csproj", "{0A40CED8-823B-4AFD-82A6-A59144216F12}"
EndProject
Project("{9A19103F-16F7-4668-BE54-9A1E7A4F7556}") = "Layer.Services", "Layer.Services\Layer.Services.csproj", "{4F7DABEF-FEAB-43D0-9535-C84B4CD0785A}"
EndProject
Project("{9A19103F-16F7-4668-BE54-9A1E7A4F7556}") = "Layer.Application", "Layer.Application\Layer.Application.csproj", "{DF95D01C-750E-4349-93C8-FDF27761589B}"
EndProject
Global
	GlobalSection(SolutionConfigurationPlatforms) = preSolution
		Debug|Any CPU = Debug|Any CPU
		Release|Any CPU = Release|Any CPU
	EndGlobalSection
	GlobalSection(ProjectConfigurationPlatforms) = postSolution
		{4630B13F-8A13-4FBC-B013-4550405173B1}.Debug|Any CPU.ActiveCfg = Debug|Any CPU
		{4630B13F-8A13-4FBC-B013-4550405173B1}.Debug|Any CPU.Build.0 = Debug|Any CPU
		{4630B13F-8A13-4FBC-B013-4550405173B1}.Release|Any CPU.ActiveCfg = Release|Any CPU
		{4630B13F-8A13-4FBC-B013-4550405173B1}.Release|Any CPU.Build.0 = Release|Any CPU
		{0A40CED8-823B-4AFD-82A6-A59144216F12}.Debug|Any CPU.ActiveCfg = Debug|Any CPU
		{0A40CED8-823B-4AFD-82A6-A59144216F12}.Debug|Any CPU.Build.0 = Debug|Any CPU
		{0A40CED8-823B-4AFD-82A6-A59144216F12}.Release|Any CPU.ActiveCfg = Release|Any CPU
		{0A40CED8-823B-4AFD-82A6-A59144216F12}.Release|Any CPU.Build.0 = Release|Any CPU
		{4F7DABEF-FEAB-43D0-9535-C84B4CD0785A}.Debug|Any CPU.ActiveCfg = Debug|Any CPU
		{4F7DABEF-FEAB-43D0-9535-C84B4CD0785A}.Debug|Any CPU.Build.0 = Debug|Any CPU
		{4F7DABEF-FEAB-43D0-9535-C84B4CD0785A}.Release|Any CPU.ActiveCfg = Release|Any CPU
		{4F7DABEF-FEAB-43D0-9535-C84B4CD0785A}.Release|Any CPU.Build.0 = Release|Any CPU
		{DF95D01C-750E-4349-93C8-FDF27761589B}.Debug|Any CPU.ActiveCfg = Debug|Any CPU
		{DF95D01C-750E-4349-93C8-FDF27761589B}.Debug|Any CPU.Build.0 = Debug|Any CPU
		{DF95D01C-750E-4349-93C8-FDF27761589B}.Release|Any CPU.ActiveCfg = Release|Any CPU
		{DF95D01C-750E-4349-93C8-FDF27761589B}.Release|Any CPU.Build.0 = Release|Any CPU
	EndGlobalSection
	GlobalSection(SolutionProperties) = preSolution
		HideSolutionNode = FALSE
	EndGlobalSection
	GlobalSection(ExtensibilityGlobals) = postSolution
		SolutionGuid = {CE462418-D834-426E-844B-38E382B98AD6}
	EndGlobalSection
EndGlobal
